
Microsoft Visual Studio Solution File, Format Version 12.00
# Visual Studio Version 17
VisualStudioVersion = 17.0.31903.59
MinimumVisualStudioVersion = 10.0.40219.1
Project("{FAE04EC0-301F-11D3-BF4B-00C04F79EFBC}") = "CsharpApi", "src\CsharpApi\CsharpApi.csproj", "{9D0F607E-8E91-45CE-B854-F3B75BC01642}"
EndProject
Project("{FAE04EC0-301F-11D3-BF4B-00C04F79EFBC}") = "Web", "src\Web\Web.csproj", "{4EDCFFD9-0C25-4589-85C4-ACFDE7313389}"
EndProject
Project("{FAE04EC0-301F-11D3-BF4B-00C04F79EFBC}") = "compare-pdf-text-extraction.AppHost", "src\compare-pdf-text-extraction.AppHost\compare-pdf-text-extraction.AppHost.csproj", "{476B036C-F0A9-4EB0-94CC-BDD239054A9A}"
EndProject
Project("{FAE04EC0-301F-11D3-BF4B-00C04F79EFBC}") = "compare-pdf-text-extraction.ServiceDefaults", "src\compare-pdf-text-extraction.ServiceDefaults\compare-pdf-text-extraction.ServiceDefaults.csproj", "{8B0DB202-553C-4384-8825-8FD8CB35AA90}"
EndProject
Global
	GlobalSection(SolutionConfigurationPlatforms) = preSolution
		Debug|Any CPU = Debug|Any CPU
		Debug|x64 = Debug|x64
		Debug|x86 = Debug|x86
		Release|Any CPU = Release|Any CPU
		Release|x64 = Release|x64
		Release|x86 = Release|x86
	EndGlobalSection
	GlobalSection(ProjectConfigurationPlatforms) = postSolution
		{9D0F607E-8E91-45CE-B854-F3B75BC01642}.Debug|Any CPU.ActiveCfg = Debug|Any CPU
		{9D0F607E-8E91-45CE-B854-F3B75BC01642}.Debug|Any CPU.Build.0 = Debug|Any CPU
		{9D0F607E-8E91-45CE-B854-F3B75BC01642}.Debug|x64.ActiveCfg = Debug|Any CPU
		{9D0F607E-8E91-45CE-B854-F3B75BC01642}.Debug|x64.Build.0 = Debug|Any CPU
		{9D0F607E-8E91-45CE-B854-F3B75BC01642}.Debug|x86.ActiveCfg = Debug|Any CPU
		{9D0F607E-8E91-45CE-B854-F3B75BC01642}.Debug|x86.Build.0 = Debug|Any CPU
		{9D0F607E-8E91-45CE-B854-F3B75BC01642}.Release|Any CPU.ActiveCfg = Release|Any CPU
		{9D0F607E-8E91-45CE-B854-F3B75BC01642}.Release|Any CPU.Build.0 = Release|Any CPU
		{9D0F607E-8E91-45CE-B854-F3B75BC01642}.Release|x64.ActiveCfg = Release|Any CPU
		{9D0F607E-8E91-45CE-B854-F3B75BC01642}.Release|x64.Build.0 = Release|Any CPU
		{9D0F607E-8E91-45CE-B854-F3B75BC01642}.Release|x86.ActiveCfg = Release|Any CPU
		{9D0F607E-8E91-45CE-B854-F3B75BC01642}.Release|x86.Build.0 = Release|Any CPU
		{4EDCFFD9-0C25-4589-85C4-ACFDE7313389}.Debug|Any CPU.ActiveCfg = Debug|Any CPU
		{4EDCFFD9-0C25-4589-85C4-ACFDE7313389}.Debug|Any CPU.Build.0 = Debug|Any CPU
		{4EDCFFD9-0C25-4589-85C4-ACFDE7313389}.Debug|x64.ActiveCfg = Debug|Any CPU
		{4EDCFFD9-0C25-4589-85C4-ACFDE7313389}.Debug|x64.Build.0 = Debug|Any CPU
		{4EDCFFD9-0C25-4589-85C4-ACFDE7313389}.Debug|x86.ActiveCfg = Debug|Any CPU
		{4EDCFFD9-0C25-4589-85C4-ACFDE7313389}.Debug|x86.Build.0 = Debug|Any CPU
		{4EDCFFD9-0C25-4589-85C4-ACFDE7313389}.Release|Any CPU.ActiveCfg = Release|Any CPU
		{4EDCFFD9-0C25-4589-85C4-ACFDE7313389}.Release|Any CPU.Build.0 = Release|Any CPU
		{4EDCFFD9-0C25-4589-85C4-ACFDE7313389}.Release|x64.ActiveCfg = Release|Any CPU
		{4EDCFFD9-0C25-4589-85C4-ACFDE7313389}.Release|x64.Build.0 = Release|Any CPU
		{4EDCFFD9-0C25-4589-85C4-ACFDE7313389}.Release|x86.ActiveCfg = Release|Any CPU
		{4EDCFFD9-0C25-4589-85C4-ACFDE7313389}.Release|x86.Build.0 = Release|Any CPU
		{476B036C-F0A9-4EB0-94CC-BDD239054A9A}.Debug|Any CPU.ActiveCfg = Debug|Any CPU
		{476B036C-F0A9-4EB0-94CC-BDD239054A9A}.Debug|Any CPU.Build.0 = Debug|Any CPU
		{476B036C-F0A9-4EB0-94CC-BDD239054A9A}.Debug|x64.ActiveCfg = Debug|Any CPU
		{476B036C-F0A9-4EB0-94CC-BDD239054A9A}.Debug|x64.Build.0 = Debug|Any CPU
		{476B036C-F0A9-4EB0-94CC-BDD239054A9A}.Debug|x86.ActiveCfg = Debug|Any CPU
		{476B036C-F0A9-4EB0-94CC-BDD239054A9A}.Debug|x86.Build.0 = Debug|Any CPU
		{476B036C-F0A9-4EB0-94CC-BDD239054A9A}.Release|Any CPU.ActiveCfg = Release|Any CPU
		{476B036C-F0A9-4EB0-94CC-BDD239054A9A}.Release|Any CPU.Build.0 = Release|Any CPU
		{476B036C-F0A9-4EB0-94CC-BDD239054A9A}.Release|x64.ActiveCfg = Release|Any CPU
		{476B036C-F0A9-4EB0-94CC-BDD239054A9A}.Release|x64.Build.0 = Release|Any CPU
		{476B036C-F0A9-4EB0-94CC-BDD239054A9A}.Release|x86.ActiveCfg = Release|Any CPU
		{476B036C-F0A9-4EB0-94CC-BDD239054A9A}.Release|x86.Build.0 = Release|Any CPU
		{8B0DB202-553C-4384-8825-8FD8CB35AA90}.Debug|Any CPU.ActiveCfg = Debug|Any CPU
		{8B0DB202-553C-4384-8825-8FD8CB35AA90}.Debug|Any CPU.Build.0 = Debug|Any CPU
		{8B0DB202-553C-4384-8825-8FD8CB35AA90}.Debug|x64.ActiveCfg = Debug|Any CPU
		{8B0DB202-553C-4384-8825-8FD8CB35AA90}.Debug|x64.Build.0 = Debug|Any CPU
		{8B0DB202-553C-4384-8825-8FD8CB35AA90}.Debug|x86.ActiveCfg = Debug|Any CPU
		{8B0DB202-553C-4384-8825-8FD8CB35AA90}.Debug|x86.Build.0 = Debug|Any CPU
		{8B0DB202-553C-4384-8825-8FD8CB35AA90}.Release|Any CPU.ActiveCfg = Release|Any CPU
		{8B0DB202-553C-4384-8825-8FD8CB35AA90}.Release|Any CPU.Build.0 = Release|Any CPU
		{8B0DB202-553C-4384-8825-8FD8CB35AA90}.Release|x64.ActiveCfg = Release|Any CPU
		{8B0DB202-553C-4384-8825-8FD8CB35AA90}.Release|x64.Build.0 = Release|Any CPU
		{8B0DB202-553C-4384-8825-8FD8CB35AA90}.Release|x86.ActiveCfg = Release|Any CPU
		{8B0DB202-553C-4384-8825-8FD8CB35AA90}.Release|x86.Build.0 = Release|Any CPU
	EndGlobalSection
	GlobalSection(SolutionProperties) = preSolution
		HideSolutionNode = FALSE
	EndGlobalSection
	GlobalSection(NestedProjects) = preSolution
		{9D0F607E-8E91-45CE-B854-F3B75BC01642} = {827E0CD3-B72D-47B6-A68D-7590B98EB39B}
		{4EDCFFD9-0C25-4589-85C4-ACFDE7313389} = {827E0CD3-B72D-47B6-A68D-7590B98EB39B}
	EndGlobalSection
EndGlobal
